{
  "name": "domql-example",
  "version": "0.0.1",
  "lockfileVersion": 1,
  "requires": true,
  "dependencies": {
    "@rackai/domql": {
      "version": "1.0.8",
      "resolved": "https://registry.npmjs.org/@rackai/domql/-/domql-1.0.8.tgz",
      "integrity": "sha512-AONWGLGOSchENAKFMQ4z5HrBcF/mzRWdtvIa43MowZvVdT62E8kdvceYIKzU+5QO9lgUgSOBIvZdI7ALaxx+xg==",
      "requires": {
        "regenerator-runtime": "^0.13.5"
      }
    },
    "regenerator-runtime": {
      "version": "0.13.7",
      "resolved": "https://registry.npmjs.org/regenerator-runtime/-/regenerator-runtime-0.13.7.tgz",
      "integrity": "sha512-a54FxoJDIr27pgf7IgeQGxmqUNYrcV338lf/6gH456HZ/PhX+5BcwHXG9ajESmwe6WRO0tAzRUrRmNONWgkrew=="
    }
  }
}
